
Microsoft Visual Studio Solution File, Format Version 12.00
# Visual Studio 14
VisualStudioVersion = 14.0.25420.1
MinimumVisualStudioVersion = 10.0.40219.1
Project("{8BC9CEB8-8B4A-11D0-8D11-00A0C91BC942}") = "Convprog", "Convprog\Convprog.vcxproj", "{F8E706A2-648E-40C0-B2B3-18D32F0442C2}"
EndProject
Project("{8BC9CEB8-8B4A-11D0-8D11-00A0C91BC942}") = "prog4", "prog4\prog4.vcxproj", "{DE69AA6B-A0CF-40B3-811C-C9B84752B805}"
EndProject
Project("{8BC9CEB8-8B4A-11D0-8D11-00A0C91BC942}") = "Prog5", "Prog5\Prog5.vcxproj", "{23032BF5-9A75-4F7F-8663-078202E415C1}"
EndProject
Project("{8BC9CEB8-8B4A-11D0-8D11-00A0C91BC942}") = "Prog6", "Prog6\Prog6.vcxproj", "{DCAC36FE-7BBF-4BA6-B3B9-11F9CB6F5EEA}"
EndProject
Project("{8BC9CEB8-8B4A-11D0-8D11-00A0C91BC942}") = "prog10", "prog10\prog10.vcxproj", "{07705814-3506-40A9-9854-12A15B9F947C}"
EndProject
Project("{8BC9CEB8-8B4A-11D0-8D11-00A0C91BC942}") = "prog11", "prog11\prog11.vcxproj", "{AEABC0ED-AC38-4ACA-A77B-147069AADB3C}"
EndProject
Project("{8BC9CEB8-8B4A-11D0-8D11-00A0C91BC942}") = "prog11part2", "prog11part2\prog11part2.vcxproj", "{22DC916E-775D-4F87-AAD7-028D9A372910}"
EndProject
Project("{8BC9CEB8-8B4A-11D0-8D11-00A0C91BC942}") = "prog12", "prog12\prog12.vcxproj", "{482C7FB9-2D29-4FBC-93EB-97FF5E743D45}"
EndProject
Project("{8BC9CEB8-8B4A-11D0-8D11-00A0C91BC942}") = "prog13", "prog13\prog13.vcxproj", "{39AFEAB8-98B8-4A90-B20A-5246B102CDE8}"
EndProject
Project("{8BC9CEB8-8B4A-11D0-8D11-00A0C91BC942}") = "prog14", "prog14\prog14.vcxproj", "{FA397C49-B45D-4DD5-8F96-ACD63D4AD510}"
EndProject
Project("{8BC9CEB8-8B4A-11D0-8D11-00A0C91BC942}") = "prog15", "prog15\prog15.vcxproj", "{63F01D65-9BED-4323-855D-A038312F488B}"
EndProject
Project("{8BC9CEB8-8B4A-11D0-8D11-00A0C91BC942}") = "prog8", "prog8\prog8.vcxproj", "{AB980D4B-6880-4D52-9D71-47BE87C57585}"
EndProject
Project("{8BC9CEB8-8B4A-11D0-8D11-00A0C91BC942}") = "prog16", "prog16\prog16.vcxproj", "{EC9B0DA6-3BB0-409B-9FCA-36D86B55B5F6}"
EndProject
Project("{8BC9CEB8-8B4A-11D0-8D11-00A0C91BC942}") = "prog16part2", "prog16part2\prog16part2.vcxproj", "{888B3EE2-F92B-4B66-8DE3-A991274FC80E}"
EndProject
Project("{8BC9CEB8-8B4A-11D0-8D11-00A0C91BC942}") = "prog17", "prog17\prog17.vcxproj", "{2EF9AE6B-8BAD-4187-BFF1-3AB8991C464C}"
EndProject
Project("{8BC9CEB8-8B4A-11D0-8D11-00A0C91BC942}") = "prog18", "prog18\prog18.vcxproj", "{3773C39B-9EA2-4042-AFD2-EA2938CEA389}"
EndProject
Project("{8BC9CEB8-8B4A-11D0-8D11-00A0C91BC942}") = "prog19", "prog19\prog19.vcxproj", "{D37D4878-900B-4FBE-82DF-425CF58DBF6F}"
EndProject
Project("{8BC9CEB8-8B4A-11D0-8D11-00A0C91BC942}") = "prog20", "prog20\prog20.vcxproj", "{7DFA2471-0DB3-47BC-BAA1-0E3E876FB9E5}"
EndProject
Project("{8BC9CEB8-8B4A-11D0-8D11-00A0C91BC942}") = "prog21", "prog21\prog21.vcxproj", "{D6324118-2584-459E-BACF-3E3926669254}"
EndProject
Project("{8BC9CEB8-8B4A-11D0-8D11-00A0C91BC942}") = "prog24", "prog24\prog24.vcxproj", "{1E708FBA-833A-4297-81F6-D84A3099C920}"
EndProject
Project("{8BC9CEB8-8B4A-11D0-8D11-00A0C91BC942}") = "prog21dll", "prog21dll\prog21dll.vcxproj", "{D7A79137-3330-431F-A669-4952ADF049C6}"
EndProject
Global
	GlobalSection(SolutionConfigurationPlatforms) = preSolution
		Debug|x64 = Debug|x64
		Debug|x86 = Debug|x86
		Release|x64 = Release|x64
		Release|x86 = Release|x86
	EndGlobalSection
	GlobalSection(ProjectConfigurationPlatforms) = postSolution
		{F8E706A2-648E-40C0-B2B3-18D32F0442C2}.Debug|x64.ActiveCfg = Debug|x64
		{F8E706A2-648E-40C0-B2B3-18D32F0442C2}.Debug|x64.Build.0 = Debug|x64
		{F8E706A2-648E-40C0-B2B3-18D32F0442C2}.Debug|x86.ActiveCfg = Debug|Win32
		{F8E706A2-648E-40C0-B2B3-18D32F0442C2}.Debug|x86.Build.0 = Debug|Win32
		{F8E706A2-648E-40C0-B2B3-18D32F0442C2}.Release|x64.ActiveCfg = Release|x64
		{F8E706A2-648E-40C0-B2B3-18D32F0442C2}.Release|x64.Build.0 = Release|x64
		{F8E706A2-648E-40C0-B2B3-18D32F0442C2}.Release|x86.ActiveCfg = Release|Win32
		{F8E706A2-648E-40C0-B2B3-18D32F0442C2}.Release|x86.Build.0 = Release|Win32
		{DE69AA6B-A0CF-40B3-811C-C9B84752B805}.Debug|x64.ActiveCfg = Debug|x64
		{DE69AA6B-A0CF-40B3-811C-C9B84752B805}.Debug|x64.Build.0 = Debug|x64
		{DE69AA6B-A0CF-40B3-811C-C9B84752B805}.Debug|x86.ActiveCfg = Debug|Win32
		{DE69AA6B-A0CF-40B3-811C-C9B84752B805}.Debug|x86.Build.0 = Debug|Win32
		{DE69AA6B-A0CF-40B3-811C-C9B84752B805}.Release|x64.ActiveCfg = Release|x64
		{DE69AA6B-A0CF-40B3-811C-C9B84752B805}.Release|x64.Build.0 = Release|x64
		{DE69AA6B-A0CF-40B3-811C-C9B84752B805}.Release|x86.ActiveCfg = Release|Win32
		{DE69AA6B-A0CF-40B3-811C-C9B84752B805}.Release|x86.Build.0 = Release|Win32
		{23032BF5-9A75-4F7F-8663-078202E415C1}.Debug|x64.ActiveCfg = Debug|x64
		{23032BF5-9A75-4F7F-8663-078202E415C1}.Debug|x64.Build.0 = Debug|x64
		{23032BF5-9A75-4F7F-8663-078202E415C1}.Debug|x86.ActiveCfg = Debug|Win32
		{23032BF5-9A75-4F7F-8663-078202E415C1}.Debug|x86.Build.0 = Debug|Win32
		{23032BF5-9A75-4F7F-8663-078202E415C1}.Release|x64.ActiveCfg = Release|x64
		{23032BF5-9A75-4F7F-8663-078202E415C1}.Release|x64.Build.0 = Release|x64
		{23032BF5-9A75-4F7F-8663-078202E415C1}.Release|x86.ActiveCfg = Release|Win32
		{23032BF5-9A75-4F7F-8663-078202E415C1}.Release|x86.Build.0 = Release|Win32
		{DCAC36FE-7BBF-4BA6-B3B9-11F9CB6F5EEA}.Debug|x64.ActiveCfg = Debug|x64
		{DCAC36FE-7BBF-4BA6-B3B9-11F9CB6F5EEA}.Debug|x64.Build.0 = Debug|x64
		{DCAC36FE-7BBF-4BA6-B3B9-11F9CB6F5EEA}.Debug|x86.ActiveCfg = Debug|Win32
		{DCAC36FE-7BBF-4BA6-B3B9-11F9CB6F5EEA}.Debug|x86.Build.0 = Debug|Win32
		{DCAC36FE-7BBF-4BA6-B3B9-11F9CB6F5EEA}.Release|x64.ActiveCfg = Release|x64
		{DCAC36FE-7BBF-4BA6-B3B9-11F9CB6F5EEA}.Release|x64.Build.0 = Release|x64
		{DCAC36FE-7BBF-4BA6-B3B9-11F9CB6F5EEA}.Release|x86.ActiveCfg = Release|Win32
		{DCAC36FE-7BBF-4BA6-B3B9-11F9CB6F5EEA}.Release|x86.Build.0 = Release|Win32
		{07705814-3506-40A9-9854-12A15B9F947C}.Debug|x64.ActiveCfg = Debug|x64
		{07705814-3506-40A9-9854-12A15B9F947C}.Debug|x64.Build.0 = Debug|x64
		{07705814-3506-40A9-9854-12A15B9F947C}.Debug|x86.ActiveCfg = Debug|Win32
		{07705814-3506-40A9-9854-12A15B9F947C}.Debug|x86.Build.0 = Debug|Win32
		{07705814-3506-40A9-9854-12A15B9F947C}.Release|x64.ActiveCfg = Release|x64
		{07705814-3506-40A9-9854-12A15B9F947C}.Release|x64.Build.0 = Release|x64
		{07705814-3506-40A9-9854-12A15B9F947C}.Release|x86.ActiveCfg = Release|Win32
		{07705814-3506-40A9-9854-12A15B9F947C}.Release|x86.Build.0 = Release|Win32
		{AEABC0ED-AC38-4ACA-A77B-147069AADB3C}.Debug|x64.ActiveCfg = Debug|x64
		{AEABC0ED-AC38-4ACA-A77B-147069AADB3C}.Debug|x64.Build.0 = Debug|x64
		{AEABC0ED-AC38-4ACA-A77B-147069AADB3C}.Debug|x86.ActiveCfg = Debug|Win32
		{AEABC0ED-AC38-4ACA-A77B-147069AADB3C}.Debug|x86.Build.0 = Debug|Win32
		{AEABC0ED-AC38-4ACA-A77B-147069AADB3C}.Release|x64.ActiveCfg = Release|x64
		{AEABC0ED-AC38-4ACA-A77B-147069AADB3C}.Release|x64.Build.0 = Release|x64
		{AEABC0ED-AC38-4ACA-A77B-147069AADB3C}.Release|x86.ActiveCfg = Release|Win32
		{AEABC0ED-AC38-4ACA-A77B-147069AADB3C}.Release|x86.Build.0 = Release|Win32
		{22DC916E-775D-4F87-AAD7-028D9A372910}.Debug|x64.ActiveCfg = Debug|x64
		{22DC916E-775D-4F87-AAD7-028D9A372910}.Debug|x64.Build.0 = Debug|x64
		{22DC916E-775D-4F87-AAD7-028D9A372910}.Debug|x86.ActiveCfg = Debug|Win32
		{22DC916E-775D-4F87-AAD7-028D9A372910}.Debug|x86.Build.0 = Debug|Win32
		{22DC916E-775D-4F87-AAD7-028D9A372910}.Release|x64.ActiveCfg = Release|x64
		{22DC916E-775D-4F87-AAD7-028D9A372910}.Release|x64.Build.0 = Release|x64
		{22DC916E-775D-4F87-AAD7-028D9A372910}.Release|x86.ActiveCfg = Release|Win32
		{22DC916E-775D-4F87-AAD7-028D9A372910}.Release|x86.Build.0 = Release|Win32
		{482C7FB9-2D29-4FBC-93EB-97FF5E743D45}.Debug|x64.ActiveCfg = Debug|x64
		{482C7FB9-2D29-4FBC-93EB-97FF5E743D45}.Debug|x64.Build.0 = Debug|x64
		{482C7FB9-2D29-4FBC-93EB-97FF5E743D45}.Debug|x86.ActiveCfg = Debug|Win32
		{482C7FB9-2D29-4FBC-93EB-97FF5E743D45}.Debug|x86.Build.0 = Debug|Win32
		{482C7FB9-2D29-4FBC-93EB-97FF5E743D45}.Release|x64.ActiveCfg = Release|x64
		{482C7FB9-2D29-4FBC-93EB-97FF5E743D45}.Release|x64.Build.0 = Release|x64
		{482C7FB9-2D29-4FBC-93EB-97FF5E743D45}.Release|x86.ActiveCfg = Release|Win32
		{482C7FB9-2D29-4FBC-93EB-97FF5E743D45}.Release|x86.Build.0 = Release|Win32
		{39AFEAB8-98B8-4A90-B20A-5246B102CDE8}.Debug|x64.ActiveCfg = Debug|x64
		{39AFEAB8-98B8-4A90-B20A-5246B102CDE8}.Debug|x64.Build.0 = Debug|x64
		{39AFEAB8-98B8-4A90-B20A-5246B102CDE8}.Debug|x86.ActiveCfg = Debug|Win32
		{39AFEAB8-98B8-4A90-B20A-5246B102CDE8}.Debug|x86.Build.0 = Debug|Win32
		{39AFEAB8-98B8-4A90-B20A-5246B102CDE8}.Release|x64.ActiveCfg = Release|x64
		{39AFEAB8-98B8-4A90-B20A-5246B102CDE8}.Release|x64.Build.0 = Release|x64
		{39AFEAB8-98B8-4A90-B20A-5246B102CDE8}.Release|x86.ActiveCfg = Release|Win32
		{39AFEAB8-98B8-4A90-B20A-5246B102CDE8}.Release|x86.Build.0 = Release|Win32
		{FA397C49-B45D-4DD5-8F96-ACD63D4AD510}.Debug|x64.ActiveCfg = Debug|x64
		{FA397C49-B45D-4DD5-8F96-ACD63D4AD510}.Debug|x64.Build.0 = Debug|x64
		{FA397C49-B45D-4DD5-8F96-ACD63D4AD510}.Debug|x86.ActiveCfg = Debug|Win32
		{FA397C49-B45D-4DD5-8F96-ACD63D4AD510}.Debug|x86.Build.0 = Debug|Win32
		{FA397C49-B45D-4DD5-8F96-ACD63D4AD510}.Release|x64.ActiveCfg = Release|x64
		{FA397C49-B45D-4DD5-8F96-ACD63D4AD510}.Release|x64.Build.0 = Release|x64
		{FA397C49-B45D-4DD5-8F96-ACD63D4AD510}.Release|x86.ActiveCfg = Release|Win32
		{FA397C49-B45D-4DD5-8F96-ACD63D4AD510}.Release|x86.Build.0 = Release|Win32
		{63F01D65-9BED-4323-855D-A038312F488B}.Debug|x64.ActiveCfg = Debug|x64
		{63F01D65-9BED-4323-855D-A038312F488B}.Debug|x64.Build.0 = Debug|x64
		{63F01D65-9BED-4323-855D-A038312F488B}.Debug|x86.ActiveCfg = Debug|Win32
		{63F01D65-9BED-4323-855D-A038312F488B}.Debug|x86.Build.0 = Debug|Win32
		{63F01D65-9BED-4323-855D-A038312F488B}.Release|x64.ActiveCfg = Release|x64
		{63F01D65-9BED-4323-855D-A038312F488B}.Release|x64.Build.0 = Release|x64
		{63F01D65-9BED-4323-855D-A038312F488B}.Release|x86.ActiveCfg = Release|Win32
		{63F01D65-9BED-4323-855D-A038312F488B}.Release|x86.Build.0 = Release|Win32
		{AB980D4B-6880-4D52-9D71-47BE87C57585}.Debug|x64.ActiveCfg = Debug|x64
		{AB980D4B-6880-4D52-9D71-47BE87C57585}.Debug|x64.Build.0 = Debug|x64
		{AB980D4B-6880-4D52-9D71-47BE87C57585}.Debug|x86.ActiveCfg = Debug|Win32
		{AB980D4B-6880-4D52-9D71-47BE87C57585}.Debug|x86.Build.0 = Debug|Win32
		{AB980D4B-6880-4D52-9D71-47BE87C57585}.Release|x64.ActiveCfg = Release|x64
		{AB980D4B-6880-4D52-9D71-47BE87C57585}.Release|x64.Build.0 = Release|x64
		{AB980D4B-6880-4D52-9D71-47BE87C57585}.Release|x86.ActiveCfg = Release|Win32
		{AB980D4B-6880-4D52-9D71-47BE87C57585}.Release|x86.Build.0 = Release|Win32
		{EC9B0DA6-3BB0-409B-9FCA-36D86B55B5F6}.Debug|x64.ActiveCfg = Debug|x64
		{EC9B0DA6-3BB0-409B-9FCA-36D86B55B5F6}.Debug|x64.Build.0 = Debug|x64
		{EC9B0DA6-3BB0-409B-9FCA-36D86B55B5F6}.Debug|x86.ActiveCfg = Debug|Win32
		{EC9B0DA6-3BB0-409B-9FCA-36D86B55B5F6}.Debug|x86.Build.0 = Debug|Win32
		{EC9B0DA6-3BB0-409B-9FCA-36D86B55B5F6}.Release|x64.ActiveCfg = Release|x64
		{EC9B0DA6-3BB0-409B-9FCA-36D86B55B5F6}.Release|x64.Build.0 = Release|x64
		{EC9B0DA6-3BB0-409B-9FCA-36D86B55B5F6}.Release|x86.ActiveCfg = Release|Win32
		{EC9B0DA6-3BB0-409B-9FCA-36D86B55B5F6}.Release|x86.Build.0 = Release|Win32
		{888B3EE2-F92B-4B66-8DE3-A991274FC80E}.Debug|x64.ActiveCfg = Debug|x64
		{888B3EE2-F92B-4B66-8DE3-A991274FC80E}.Debug|x64.Build.0 = Debug|x64
		{888B3EE2-F92B-4B66-8DE3-A991274FC80E}.Debug|x86.ActiveCfg = Debug|Win32
		{888B3EE2-F92B-4B66-8DE3-A991274FC80E}.Debug|x86.Build.0 = Debug|Win32
		{888B3EE2-F92B-4B66-8DE3-A991274FC80E}.Release|x64.ActiveCfg = Release|x64
		{888B3EE2-F92B-4B66-8DE3-A991274FC80E}.Release|x64.Build.0 = Release|x64
		{888B3EE2-F92B-4B66-8DE3-A991274FC80E}.Release|x86.ActiveCfg = Release|Win32
		{888B3EE2-F92B-4B66-8DE3-A991274FC80E}.Release|x86.Build.0 = Release|Win32
		{2EF9AE6B-8BAD-4187-BFF1-3AB8991C464C}.Debug|x64.ActiveCfg = Debug|x64
		{2EF9AE6B-8BAD-4187-BFF1-3AB8991C464C}.Debug|x64.Build.0 = Debug|x64
		{2EF9AE6B-8BAD-4187-BFF1-3AB8991C464C}.Debug|x86.ActiveCfg = Debug|Win32
		{2EF9AE6B-8BAD-4187-BFF1-3AB8991C464C}.Debug|x86.Build.0 = Debug|Win32
		{2EF9AE6B-8BAD-4187-BFF1-3AB8991C464C}.Release|x64.ActiveCfg = Release|x64
		{2EF9AE6B-8BAD-4187-BFF1-3AB8991C464C}.Release|x64.Build.0 = Release|x64
		{2EF9AE6B-8BAD-4187-BFF1-3AB8991C464C}.Release|x86.ActiveCfg = Release|Win32
		{2EF9AE6B-8BAD-4187-BFF1-3AB8991C464C}.Release|x86.Build.0 = Release|Win32
		{3773C39B-9EA2-4042-AFD2-EA2938CEA389}.Debug|x64.ActiveCfg = Debug|x64
		{3773C39B-9EA2-4042-AFD2-EA2938CEA389}.Debug|x64.Build.0 = Debug|x64
		{3773C39B-9EA2-4042-AFD2-EA2938CEA389}.Debug|x86.ActiveCfg = Debug|Win32
		{3773C39B-9EA2-4042-AFD2-EA2938CEA389}.Debug|x86.Build.0 = Debug|Win32
		{3773C39B-9EA2-4042-AFD2-EA2938CEA389}.Release|x64.ActiveCfg = Release|x64
		{3773C39B-9EA2-4042-AFD2-EA2938CEA389}.Release|x64.Build.0 = Release|x64
		{3773C39B-9EA2-4042-AFD2-EA2938CEA389}.Release|x86.ActiveCfg = Release|Win32
		{3773C39B-9EA2-4042-AFD2-EA2938CEA389}.Release|x86.Build.0 = Release|Win32
		{D37D4878-900B-4FBE-82DF-425CF58DBF6F}.Debug|x64.ActiveCfg = Debug|x64
		{D37D4878-900B-4FBE-82DF-425CF58DBF6F}.Debug|x64.Build.0 = Debug|x64
		{D37D4878-900B-4FBE-82DF-425CF58DBF6F}.Debug|x86.ActiveCfg = Debug|Win32
		{D37D4878-900B-4FBE-82DF-425CF58DBF6F}.Debug|x86.Build.0 = Debug|Win32
		{D37D4878-900B-4FBE-82DF-425CF58DBF6F}.Release|x64.ActiveCfg = Release|x64
		{D37D4878-900B-4FBE-82DF-425CF58DBF6F}.Release|x64.Build.0 = Release|x64
		{D37D4878-900B-4FBE-82DF-425CF58DBF6F}.Release|x86.ActiveCfg = Release|Win32
		{D37D4878-900B-4FBE-82DF-425CF58DBF6F}.Release|x86.Build.0 = Release|Win32
		{7DFA2471-0DB3-47BC-BAA1-0E3E876FB9E5}.Debug|x64.ActiveCfg = Debug|x64
		{7DFA2471-0DB3-47BC-BAA1-0E3E876FB9E5}.Debug|x64.Build.0 = Debug|x64
		{7DFA2471-0DB3-47BC-BAA1-0E3E876FB9E5}.Debug|x86.ActiveCfg = Debug|Win32
		{7DFA2471-0DB3-47BC-BAA1-0E3E876FB9E5}.Debug|x86.Build.0 = Debug|Win32
		{7DFA2471-0DB3-47BC-BAA1-0E3E876FB9E5}.Release|x64.ActiveCfg = Release|x64
		{7DFA2471-0DB3-47BC-BAA1-0E3E876FB9E5}.Release|x64.Build.0 = Release|x64
		{7DFA2471-0DB3-47BC-BAA1-0E3E876FB9E5}.Release|x86.ActiveCfg = Release|Win32
		{7DFA2471-0DB3-47BC-BAA1-0E3E876FB9E5}.Release|x86.Build.0 = Release|Win32
		{D6324118-2584-459E-BACF-3E3926669254}.Debug|x64.ActiveCfg = Debug|x64
		{D6324118-2584-459E-BACF-3E3926669254}.Debug|x64.Build.0 = Debug|x64
		{D6324118-2584-459E-BACF-3E3926669254}.Debug|x86.ActiveCfg = Debug|Win32
		{D6324118-2584-459E-BACF-3E3926669254}.Debug|x86.Build.0 = Debug|Win32
		{D6324118-2584-459E-BACF-3E3926669254}.Release|x64.ActiveCfg = Release|x64
		{D6324118-2584-459E-BACF-3E3926669254}.Release|x64.Build.0 = Release|x64
		{D6324118-2584-459E-BACF-3E3926669254}.Release|x86.ActiveCfg = Release|Win32
		{D6324118-2584-459E-BACF-3E3926669254}.Release|x86.Build.0 = Release|Win32
		{1E708FBA-833A-4297-81F6-D84A3099C920}.Debug|x64.ActiveCfg = Debug|x64
		{1E708FBA-833A-4297-81F6-D84A3099C920}.Debug|x64.Build.0 = Debug|x64
		{1E708FBA-833A-4297-81F6-D84A3099C920}.Debug|x86.ActiveCfg = Debug|Win32
		{1E708FBA-833A-4297-81F6-D84A3099C920}.Debug|x86.Build.0 = Debug|Win32
		{1E708FBA-833A-4297-81F6-D84A3099C920}.Release|x64.ActiveCfg = Release|x64
		{1E708FBA-833A-4297-81F6-D84A3099C920}.Release|x64.Build.0 = Release|x64
		{1E708FBA-833A-4297-81F6-D84A3099C920}.Release|x86.ActiveCfg = Release|Win32
		{1E708FBA-833A-4297-81F6-D84A3099C920}.Release|x86.Build.0 = Release|Win32
		{D7A79137-3330-431F-A669-4952ADF049C6}.Debug|x64.ActiveCfg = Debug|x64
		{D7A79137-3330-431F-A669-4952ADF049C6}.Debug|x64.Build.0 = Debug|x64
		{D7A79137-3330-431F-A669-4952ADF049C6}.Debug|x86.ActiveCfg = Debug|Win32
		{D7A79137-3330-431F-A669-4952ADF049C6}.Debug|x86.Build.0 = Debug|Win32
		{D7A79137-3330-431F-A669-4952ADF049C6}.Release|x64.ActiveCfg = Release|x64
		{D7A79137-3330-431F-A669-4952ADF049C6}.Release|x64.Build.0 = Release|x64
		{D7A79137-3330-431F-A669-4952ADF049C6}.Release|x86.ActiveCfg = Release|Win32
		{D7A79137-3330-431F-A669-4952ADF049C6}.Release|x86.Build.0 = Release|Win32
	EndGlobalSection
	GlobalSection(SolutionProperties) = preSolution
		HideSolutionNode = FALSE
	EndGlobalSection
EndGlobal
